
Microsoft Visual Studio Solution File, Format Version 12.00
# Visual Studio Version 17
VisualStudioVersion = 17.11.35327.3
MinimumVisualStudioVersion = 10.0.40219.1
Project("{8BC9CEB8-8B4A-11D0-8D11-00A0C91BC942}") = "IO&Loop", "IO&Loop\IO&Loop.vcxproj", "{56874584-3FC1-4D8B-9E98-A67E4F295C7F}"
EndProject
Project("{8BC9CEB8-8B4A-11D0-8D11-00A0C91BC942}") = "Arrays&Strings", "Arrays&Strings\Arrays&Strings.vcxproj", "{6B6ECC7D-C063-4A84-ACFC-CE17B34BA61E}"
EndProject
Global
	GlobalSection(SolutionConfigurationPlatforms) = preSolution
		Debug|x64 = Debug|x64
		Debug|x86 = Debug|x86
		Release|x64 = Release|x64
		Release|x86 = Release|x86
	EndGlobalSection
	GlobalSection(ProjectConfigurationPlatforms) = postSolution
		{56874584-3FC1-4D8B-9E98-A67E4F295C7F}.Debug|x64.ActiveCfg = Debug|x64
		{56874584-3FC1-4D8B-9E98-A67E4F295C7F}.Debug|x64.Build.0 = Debug|x64
		{56874584-3FC1-4D8B-9E98-A67E4F295C7F}.Debug|x86.ActiveCfg = Debug|Win32
		{56874584-3FC1-4D8B-9E98-A67E4F295C7F}.Debug|x86.Build.0 = Debug|Win32
		{56874584-3FC1-4D8B-9E98-A67E4F295C7F}.Release|x64.ActiveCfg = Release|x64
		{56874584-3FC1-4D8B-9E98-A67E4F295C7F}.Release|x64.Build.0 = Release|x64
		{56874584-3FC1-4D8B-9E98-A67E4F295C7F}.Release|x86.ActiveCfg = Release|Win32
		{56874584-3FC1-4D8B-9E98-A67E4F295C7F}.Release|x86.Build.0 = Release|Win32
		{6B6ECC7D-C063-4A84-ACFC-CE17B34BA61E}.Debug|x64.ActiveCfg = Debug|x64
		{6B6ECC7D-C063-4A84-ACFC-CE17B34BA61E}.Debug|x64.Build.0 = Debug|x64
		{6B6ECC7D-C063-4A84-ACFC-CE17B34BA61E}.Debug|x86.ActiveCfg = Debug|Win32
		{6B6ECC7D-C063-4A84-ACFC-CE17B34BA61E}.Debug|x86.Build.0 = Debug|Win32
		{6B6ECC7D-C063-4A84-ACFC-CE17B34BA61E}.Release|x64.ActiveCfg = Release|x64
		{6B6ECC7D-C063-4A84-ACFC-CE17B34BA61E}.Release|x64.Build.0 = Release|x64
		{6B6ECC7D-C063-4A84-ACFC-CE17B34BA61E}.Release|x86.ActiveCfg = Release|Win32
		{6B6ECC7D-C063-4A84-ACFC-CE17B34BA61E}.Release|x86.Build.0 = Release|Win32
	EndGlobalSection
	GlobalSection(SolutionProperties) = preSolution
		HideSolutionNode = FALSE
	EndGlobalSection
	GlobalSection(ExtensibilityGlobals) = postSolution
		SolutionGuid = {3B0E16EB-67FB-4447-88E8-072D697129E1}
	EndGlobalSection
EndGlobal
