
Microsoft Visual Studio Solution File, Format Version 12.00
# Visual Studio Version 17
VisualStudioVersion = 17.11.35327.3
MinimumVisualStudioVersion = 10.0.40219.1
Project("{8BC9CEB8-8B4A-11D0-8D11-00A0C91BC942}") = "IO&Loop", "IO&Loop\IO&Loop.vcxproj", "{56874584-3FC1-4D8B-9E98-A67E4F295C7F}"
EndProject
Project("{8BC9CEB8-8B4A-11D0-8D11-00A0C91BC942}") = "Arrays&Strings", "Arrays&Strings\Arrays&Strings.vcxproj", "{6B6ECC7D-C063-4A84-ACFC-CE17B34BA61E}"
EndProject
Project("{8BC9CEB8-8B4A-11D0-8D11-00A0C91BC942}") = "Sorting&Searching", "Sorting&Searching\Sorting&Searching.vcxproj", "{9B8DE481-004C-4ABC-A5D6-13E559D9A2E7}"
EndProject
Project("{8BC9CEB8-8B4A-11D0-8D11-00A0C91BC942}") = "Stack&DataStructure", "Stack&DataStructure\Stack&DataStructure.vcxproj", "{EC405D8A-66DA-4343-BB79-37F9295CCB61}"
EndProject
Project("{8BC9CEB8-8B4A-11D0-8D11-00A0C91BC942}") = "Constants&InlineFunctions", "Constants&InlineFunctions\Constants&InlineFunctions.vcxproj", "{16359A5F-1AC1-45C1-9774-CAD1E62ED0D9}"
EndProject
Project("{8BC9CEB8-8B4A-11D0-8D11-00A0C91BC942}") = "ExceptionalHandling", "ExceptionalHandling\ExceptionalHandling.vcxproj", "{5B6B1EE9-E0FF-4A23-B763-4F12DF46CB5A}"
EndProject
Project("{8BC9CEB8-8B4A-11D0-8D11-00A0C91BC942}") = "Pointers&References", "Pointers&References\Pointers&References.vcxproj", "{D4F596EC-C1D8-4BEF-8C1C-254255273035}"
EndProject
Project("{8BC9CEB8-8B4A-11D0-8D11-00A0C91BC942}") = "Templates", "Templates\Templates.vcxproj", "{79E913CF-BF5F-4A60-865E-D2E41733197C}"
EndProject
Global
	GlobalSection(SolutionConfigurationPlatforms) = preSolution
		Debug|x64 = Debug|x64
		Debug|x86 = Debug|x86
		Release|x64 = Release|x64
		Release|x86 = Release|x86
	EndGlobalSection
	GlobalSection(ProjectConfigurationPlatforms) = postSolution
		{56874584-3FC1-4D8B-9E98-A67E4F295C7F}.Debug|x64.ActiveCfg = Debug|x64
		{56874584-3FC1-4D8B-9E98-A67E4F295C7F}.Debug|x64.Build.0 = Debug|x64
		{56874584-3FC1-4D8B-9E98-A67E4F295C7F}.Debug|x86.ActiveCfg = Debug|Win32
		{56874584-3FC1-4D8B-9E98-A67E4F295C7F}.Debug|x86.Build.0 = Debug|Win32
		{56874584-3FC1-4D8B-9E98-A67E4F295C7F}.Release|x64.ActiveCfg = Release|x64
		{56874584-3FC1-4D8B-9E98-A67E4F295C7F}.Release|x64.Build.0 = Release|x64
		{56874584-3FC1-4D8B-9E98-A67E4F295C7F}.Release|x86.ActiveCfg = Release|Win32
		{56874584-3FC1-4D8B-9E98-A67E4F295C7F}.Release|x86.Build.0 = Release|Win32
		{6B6ECC7D-C063-4A84-ACFC-CE17B34BA61E}.Debug|x64.ActiveCfg = Debug|x64
		{6B6ECC7D-C063-4A84-ACFC-CE17B34BA61E}.Debug|x64.Build.0 = Debug|x64
		{6B6ECC7D-C063-4A84-ACFC-CE17B34BA61E}.Debug|x86.ActiveCfg = Debug|Win32
		{6B6ECC7D-C063-4A84-ACFC-CE17B34BA61E}.Debug|x86.Build.0 = Debug|Win32
		{6B6ECC7D-C063-4A84-ACFC-CE17B34BA61E}.Release|x64.ActiveCfg = Release|x64
		{6B6ECC7D-C063-4A84-ACFC-CE17B34BA61E}.Release|x64.Build.0 = Release|x64
		{6B6ECC7D-C063-4A84-ACFC-CE17B34BA61E}.Release|x86.ActiveCfg = Release|Win32
		{6B6ECC7D-C063-4A84-ACFC-CE17B34BA61E}.Release|x86.Build.0 = Release|Win32
		{9B8DE481-004C-4ABC-A5D6-13E559D9A2E7}.Debug|x64.ActiveCfg = Debug|x64
		{9B8DE481-004C-4ABC-A5D6-13E559D9A2E7}.Debug|x64.Build.0 = Debug|x64
		{9B8DE481-004C-4ABC-A5D6-13E559D9A2E7}.Debug|x86.ActiveCfg = Debug|Win32
		{9B8DE481-004C-4ABC-A5D6-13E559D9A2E7}.Debug|x86.Build.0 = Debug|Win32
		{9B8DE481-004C-4ABC-A5D6-13E559D9A2E7}.Release|x64.ActiveCfg = Release|x64
		{9B8DE481-004C-4ABC-A5D6-13E559D9A2E7}.Release|x64.Build.0 = Release|x64
		{9B8DE481-004C-4ABC-A5D6-13E559D9A2E7}.Release|x86.ActiveCfg = Release|Win32
		{9B8DE481-004C-4ABC-A5D6-13E559D9A2E7}.Release|x86.Build.0 = Release|Win32
		{EC405D8A-66DA-4343-BB79-37F9295CCB61}.Debug|x64.ActiveCfg = Debug|x64
		{EC405D8A-66DA-4343-BB79-37F9295CCB61}.Debug|x64.Build.0 = Debug|x64
		{EC405D8A-66DA-4343-BB79-37F9295CCB61}.Debug|x86.ActiveCfg = Debug|Win32
		{EC405D8A-66DA-4343-BB79-37F9295CCB61}.Debug|x86.Build.0 = Debug|Win32
		{EC405D8A-66DA-4343-BB79-37F9295CCB61}.Release|x64.ActiveCfg = Release|x64
		{EC405D8A-66DA-4343-BB79-37F9295CCB61}.Release|x64.Build.0 = Release|x64
		{EC405D8A-66DA-4343-BB79-37F9295CCB61}.Release|x86.ActiveCfg = Release|Win32
		{EC405D8A-66DA-4343-BB79-37F9295CCB61}.Release|x86.Build.0 = Release|Win32
		{16359A5F-1AC1-45C1-9774-CAD1E62ED0D9}.Debug|x64.ActiveCfg = Debug|x64
		{16359A5F-1AC1-45C1-9774-CAD1E62ED0D9}.Debug|x64.Build.0 = Debug|x64
		{16359A5F-1AC1-45C1-9774-CAD1E62ED0D9}.Debug|x86.ActiveCfg = Debug|Win32
		{16359A5F-1AC1-45C1-9774-CAD1E62ED0D9}.Debug|x86.Build.0 = Debug|Win32
		{16359A5F-1AC1-45C1-9774-CAD1E62ED0D9}.Release|x64.ActiveCfg = Release|x64
		{16359A5F-1AC1-45C1-9774-CAD1E62ED0D9}.Release|x64.Build.0 = Release|x64
		{16359A5F-1AC1-45C1-9774-CAD1E62ED0D9}.Release|x86.ActiveCfg = Release|Win32
		{16359A5F-1AC1-45C1-9774-CAD1E62ED0D9}.Release|x86.Build.0 = Release|Win32
		{5B6B1EE9-E0FF-4A23-B763-4F12DF46CB5A}.Debug|x64.ActiveCfg = Debug|x64
		{5B6B1EE9-E0FF-4A23-B763-4F12DF46CB5A}.Debug|x64.Build.0 = Debug|x64
		{5B6B1EE9-E0FF-4A23-B763-4F12DF46CB5A}.Debug|x86.ActiveCfg = Debug|Win32
		{5B6B1EE9-E0FF-4A23-B763-4F12DF46CB5A}.Debug|x86.Build.0 = Debug|Win32
		{5B6B1EE9-E0FF-4A23-B763-4F12DF46CB5A}.Release|x64.ActiveCfg = Release|x64
		{5B6B1EE9-E0FF-4A23-B763-4F12DF46CB5A}.Release|x64.Build.0 = Release|x64
		{5B6B1EE9-E0FF-4A23-B763-4F12DF46CB5A}.Release|x86.ActiveCfg = Release|Win32
		{5B6B1EE9-E0FF-4A23-B763-4F12DF46CB5A}.Release|x86.Build.0 = Release|Win32
		{D4F596EC-C1D8-4BEF-8C1C-254255273035}.Debug|x64.ActiveCfg = Debug|x64
		{D4F596EC-C1D8-4BEF-8C1C-254255273035}.Debug|x64.Build.0 = Debug|x64
		{D4F596EC-C1D8-4BEF-8C1C-254255273035}.Debug|x86.ActiveCfg = Debug|Win32
		{D4F596EC-C1D8-4BEF-8C1C-254255273035}.Debug|x86.Build.0 = Debug|Win32
		{D4F596EC-C1D8-4BEF-8C1C-254255273035}.Release|x64.ActiveCfg = Release|x64
		{D4F596EC-C1D8-4BEF-8C1C-254255273035}.Release|x64.Build.0 = Release|x64
		{D4F596EC-C1D8-4BEF-8C1C-254255273035}.Release|x86.ActiveCfg = Release|Win32
		{D4F596EC-C1D8-4BEF-8C1C-254255273035}.Release|x86.Build.0 = Release|Win32
		{79E913CF-BF5F-4A60-865E-D2E41733197C}.Debug|x64.ActiveCfg = Debug|x64
		{79E913CF-BF5F-4A60-865E-D2E41733197C}.Debug|x64.Build.0 = Debug|x64
		{79E913CF-BF5F-4A60-865E-D2E41733197C}.Debug|x86.ActiveCfg = Debug|Win32
		{79E913CF-BF5F-4A60-865E-D2E41733197C}.Debug|x86.Build.0 = Debug|Win32
		{79E913CF-BF5F-4A60-865E-D2E41733197C}.Release|x64.ActiveCfg = Release|x64
		{79E913CF-BF5F-4A60-865E-D2E41733197C}.Release|x64.Build.0 = Release|x64
		{79E913CF-BF5F-4A60-865E-D2E41733197C}.Release|x86.ActiveCfg = Release|Win32
		{79E913CF-BF5F-4A60-865E-D2E41733197C}.Release|x86.Build.0 = Release|Win32
	EndGlobalSection
	GlobalSection(SolutionProperties) = preSolution
		HideSolutionNode = FALSE
	EndGlobalSection
	GlobalSection(ExtensibilityGlobals) = postSolution
		SolutionGuid = {3B0E16EB-67FB-4447-88E8-072D697129E1}
	EndGlobalSection
EndGlobal
